
Microsoft Visual Studio Solution File, Format Version 12.00
# Visual Studio Version 17
VisualStudioVersion = 17.4.33122.133
MinimumVisualStudioVersion = 10.0.40219.1
Project("{FAE04EC0-301F-11D3-BF4B-00C04F79EFBC}") = "Client", "Client\Client.csproj", "{8930DDAE-42AE-4EB2-A3AA-F946D47B6844}"
EndProject
Global
	GlobalSection(SolutionConfigurationPlatforms) = preSolution
		Debug|Any CPU = Debug|Any CPU
		Release|Any CPU = Release|Any CPU
	EndGlobalSection
	GlobalSection(ProjectConfigurationPlatforms) = postSolution
		{8930DDAE-42AE-4EB2-A3AA-F946D47B6844}.Debug|Any CPU.ActiveCfg = Debug|Any CPU
		{8930DDAE-42AE-4EB2-A3AA-F946D47B6844}.Debug|Any CPU.Build.0 = Debug|Any CPU
		{8930DDAE-42AE-4EB2-A3AA-F946D47B6844}.Release|Any CPU.ActiveCfg = Release|Any CPU
		{8930DDAE-42AE-4EB2-A3AA-F946D47B6844}.Release|Any CPU.Build.0 = Release|Any CPU
	EndGlobalSection
	GlobalSection(SolutionProperties) = preSolution
		HideSolutionNode = FALSE
	EndGlobalSection
	GlobalSection(ExtensibilityGlobals) = postSolution
		SolutionGuid = {23C70ACB-E48B-4CBB-B6C6-CF20401C9C10}
	EndGlobalSection
EndGlobal
